
Microsoft Visual Studio Solution File, Format Version 12.00
# Visual Studio Version 17
VisualStudioVersion = 17.10.35013.160
MinimumVisualStudioVersion = 10.0.40219.1
Project("{9A19103F-16F7-4668-BE54-9A1E7A4F7556}") = "DescriptionGenerator.Console", "DescriptionGenerator\DescriptionGenerator.Console.csproj", "{44E2D625-4EB2-454A-A4C3-A8777ACE5F44}"
EndProject
Project("{FAE04EC0-301F-11D3-BF4B-00C04F79EFBC}") = "DescriptionGenerator.Core", "DescriptionGenerator.Core\DescriptionGenerator.Core.csproj", "{2FA9A480-CDE1-4DEF-A91E-8E63CB8AED16}"
EndProject
Project("{FAE04EC0-301F-11D3-BF4B-00C04F79EFBC}") = "DescriptorGenerator.Desktop", "DescriptorGenerator.Desktop\DescriptorGenerator.Desktop.csproj", "{33513138-DF6D-4166-8223-9BACF51D9860}"
EndProject
Global
	GlobalSection(SolutionConfigurationPlatforms) = preSolution
		Debug|Any CPU = Debug|Any CPU
		Release|Any CPU = Release|Any CPU
	EndGlobalSection
	GlobalSection(ProjectConfigurationPlatforms) = postSolution
		{44E2D625-4EB2-454A-A4C3-A8777ACE5F44}.Debug|Any CPU.ActiveCfg = Debug|Any CPU
		{44E2D625-4EB2-454A-A4C3-A8777ACE5F44}.Debug|Any CPU.Build.0 = Debug|Any CPU
		{44E2D625-4EB2-454A-A4C3-A8777ACE5F44}.Release|Any CPU.ActiveCfg = Release|Any CPU
		{44E2D625-4EB2-454A-A4C3-A8777ACE5F44}.Release|Any CPU.Build.0 = Release|Any CPU
		{2FA9A480-CDE1-4DEF-A91E-8E63CB8AED16}.Debug|Any CPU.ActiveCfg = Debug|Any CPU
		{2FA9A480-CDE1-4DEF-A91E-8E63CB8AED16}.Debug|Any CPU.Build.0 = Debug|Any CPU
		{2FA9A480-CDE1-4DEF-A91E-8E63CB8AED16}.Release|Any CPU.ActiveCfg = Release|Any CPU
		{2FA9A480-CDE1-4DEF-A91E-8E63CB8AED16}.Release|Any CPU.Build.0 = Release|Any CPU
		{33513138-DF6D-4166-8223-9BACF51D9860}.Debug|Any CPU.ActiveCfg = Debug|Any CPU
		{33513138-DF6D-4166-8223-9BACF51D9860}.Debug|Any CPU.Build.0 = Debug|Any CPU
		{33513138-DF6D-4166-8223-9BACF51D9860}.Release|Any CPU.ActiveCfg = Release|Any CPU
		{33513138-DF6D-4166-8223-9BACF51D9860}.Release|Any CPU.Build.0 = Release|Any CPU
	EndGlobalSection
	GlobalSection(SolutionProperties) = preSolution
		HideSolutionNode = FALSE
	EndGlobalSection
	GlobalSection(ExtensibilityGlobals) = postSolution
		SolutionGuid = {95E409A5-3E3C-485F-8C9F-57977DAF2FC4}
	EndGlobalSection
EndGlobal
